// !$*UTF8*$!
{
	archiveVersion = 1;
	classes = {
	};
	objectVersion = 48;
	objects = {

/* Begin PBXBuildFile section */
		B6EA486F1FA78B60003645DD /* AppDelegate.swift in Sources */ = {isa = PBXBuildFile; fileRef = B6EA486E1FA78B60003645DD /* AppDelegate.swift */; };
		B6EA48711FA78B60003645DD /* ViewController.swift in Sources */ = {isa = PBXBuildFile; fileRef = B6EA48701FA78B60003645DD /* ViewController.swift */; };
		B6EA48741FA78B60003645DD /* Main.storyboard in Resources */ = {isa = PBXBuildFile; fileRef = B6EA48721FA78B60003645DD /* Main.storyboard */; };
		B6EA48761FA78B60003645DD /* Assets.xcassets in Resources */ = {isa = PBXBuildFile; fileRef = B6EA48751FA78B60003645DD /* Assets.xcassets */; };
		B6EA48791FA78B60003645DD /* LaunchScreen.storyboard in Resources */ = {isa = PBXBuildFile; fileRef = B6EA48771FA78B60003645DD /* LaunchScreen.storyboard */; };
		B6EA48841FA78B60003645DD /* Practice_AppTests.swift in Sources */ = {isa = PBXBuildFile; fileRef = B6EA48831FA78B60003645DD /* Practice_AppTests.swift */; };
		B6EA488F1FA78B60003645DD /* Practice_AppUITests.swift in Sources */ = {isa = PBXBuildFile; fileRef = B6EA488E1FA78B60003645DD /* Practice_AppUITests.swift */; };
/* End PBXBuildFile section */

/* Begin PBXContainerItemProxy section */
		B6EA48801FA78B60003645DD /* PBXContainerItemProxy */ = {
			isa = PBXContainerItemProxy;
			containerPortal = B6EA48631FA78B5F003645DD /* Project object */;
			proxyType = 1;
			remoteGlobalIDString = B6EA486A1FA78B5F003645DD;
			remoteInfo = "Practice App";
		};
		B6EA488B1FA78B60003645DD /* PBXContainerItemProxy */ = {
			isa = PBXContainerItemProxy;
			containerPortal = B6EA48631FA78B5F003645DD /* Project object */;
			proxyType = 1;
			remoteGlobalIDString = B6EA486A1FA78B5F003645DD;
			remoteInfo = "Practice App";
		};
/* End PBXContainerItemProxy section */

/* Begin PBXFileReference section */
		B6EA486B1FA78B60003645DD /* Practice App.app */ = {isa = PBXFileReference; explicitFileType = wrapper.application; includeInIndex = 0; path = "Practice App.app"; sourceTree = BUILT_PRODUCTS_DIR; };
		B6EA486E1FA78B60003645DD /* AppDelegate.swift */ = {isa = PBXFileReference; lastKnownFileType = sourcecode.swift; path = AppDelegate.swift; sourceTree = "<group>"; };
		B6EA48701FA78B60003645DD /* ViewController.swift */ = {isa = PBXFileReference; lastKnownFileType = sourcecode.swift; path = ViewController.swift; sourceTree = "<group>"; };
		B6EA48731FA78B60003645DD /* Base */ = {isa = PBXFileReference; lastKnownFileType = file.storyboard; name = Base; path = Base.lproj/Main.storyboard; sourceTree = "<group>"; };
		B6EA48751FA78B60003645DD /* Assets.xcassets */ = {isa = PBXFileReference; lastKnownFileType = folder.assetcatalog; path = Assets.xcassets; sourceTree = "<group>"; };
		B6EA48781FA78B60003645DD /* Base */ = {isa = PBXFileReference; lastKnownFileType = file.storyboard; name = Base; path = Base.lproj/LaunchScreen.storyboard; sourceTree = "<group>"; };
		B6EA487A1FA78B60003645DD /* Info.plist */ = {isa = PBXFileReference; lastKnownFileType = text.plist.xml; path = Info.plist; sourceTree = "<group>"; };
		B6EA487F1FA78B60003645DD /* Practice AppTests.xctest */ = {isa = PBXFileReference; explicitFileType = wrapper.cfbundle; includeInIndex = 0; path = "Practice AppTests.xctest"; sourceTree = BUILT_PRODUCTS_DIR; };
		B6EA48831FA78B60003645DD /* Practice_AppTests.swift */ = {isa = PBXFileReference; lastKnownFileType = sourcecode.swift; path = Practice_AppTests.swift; sourceTree = "<group>"; };
		B6EA48851FA78B60003645DD /* Info.plist */ = {isa = PBXFileReference; lastKnownFileType = text.plist.xml; path = Info.plist; sourceTree = "<group>"; };
		B6EA488A1FA78B60003645DD /* Practice AppUITests.xctest */ = {isa = PBXFileReference; explicitFileType = wrapper.cfbundle; includeInIndex = 0; path = "Practice AppUITests.xctest"; sourceTree = BUILT_PRODUCTS_DIR; };
		B6EA488E1FA78B60003645DD /* Practice_AppUITests.swift */ = {isa = PBXFileReference; lastKnownFileType = sourcecode.swift; path = Practice_AppUITests.swift; sourceTree = "<group>"; };
		B6EA48901FA78B60003645DD /* Info.plist */ = {isa = PBXFileReference; lastKnownFileType = text.plist.xml; path = Info.plist; sourceTree = "<group>"; };
/* End PBXFileReference section */

/* Begin PBXFrameworksBuildPhase section */
		B6EA48681FA78B5F003645DD /* Frameworks */ = {
			isa = PBXFrameworksBuildPhase;
			buildActionMask = 2147483647;
			files = (
			);
			runOnlyForDeploymentPostprocessing = 0;
		};
		B6EA487C1FA78B60003645DD /* Frameworks */ = {
			isa = PBXFrameworksBuildPhase;
			buildActionMask = 2147483647;
			files = (
			);
			runOnlyForDeploymentPostprocessing = 0;
		};
		B6EA48871FA78B60003645DD /* Frameworks */ = {
			isa = PBXFrameworksBuildPhase;
			buildActionMask = 2147483647;
			files = (
			);
			runOnlyForDeploymentPostprocessing = 0;
		};
/* End PBXFrameworksBuildPhase section */

/* Begin PBXGroup section */
		B6EA48621FA78B5F003645DD = {
			isa = PBXGroup;
			children = (
				B6EA486D1FA78B60003645DD /* Practice App */,
				B6EA48821FA78B60003645DD /* Practice AppTests */,
				B6EA488D1FA78B60003645DD /* Practice AppUITests */,
				B6EA486C1FA78B60003645DD /* Products */,
			);
			sourceTree = "<group>";
		};
		B6EA486C1FA78B60003645DD /* Products */ = {
			isa = PBXGroup;
			children = (
				B6EA486B1FA78B60003645DD /* Practice App.app */,
				B6EA487F1FA78B60003645DD /* Practice AppTests.xctest */,
				B6EA488A1FA78B60003645DD /* Practice AppUITests.xctest */,
			);
			name = Products;
			sourceTree = "<group>";
		};
		B6EA486D1FA78B60003645DD /* Practice App */ = {
			isa = PBXGroup;
			children = (
				B6EA486E1FA78B60003645DD /* AppDelegate.swift */,
				B6EA48701FA78B60003645DD /* ViewController.swift */,
				B6EA48721FA78B60003645DD /* Main.storyboard */,
				B6EA48751FA78B60003645DD /* Assets.xcassets */,
				B6EA48771FA78B60003645DD /* LaunchScreen.storyboard */,
				B6EA487A1FA78B60003645DD /* Info.plist */,
			);
			path = "Practice App";
			sourceTree = "<group>";
		};
		B6EA48821FA78B60003645DD /* Practice AppTests */ = {
			isa = PBXGroup;
			children = (
				B6EA48831FA78B60003645DD /* Practice_AppTests.swift */,
				B6EA48851FA78B60003645DD /* Info.plist */,
			);
			path = "Practice AppTests";
			sourceTree = "<group>";
		};
		B6EA488D1FA78B60003645DD /* Practice AppUITests */ = {
			isa = PBXGroup;
			children = (
				B6EA488E1FA78B60003645DD /* Practice_AppUITests.swift */,
				B6EA48901FA78B60003645DD /* Info.plist */,
			);
			path = "Practice AppUITests";
			sourceTree = "<group>";
		};
/* End PBXGroup section */

/* Begin PBXNativeTarget section */
		B6EA486A1FA78B5F003645DD /* Practice App */ = {
			isa = PBXNativeTarget;
			buildConfigurationList = B6EA48931FA78B60003645DD /* Build configuration list for PBXNativeTarget "Practice App" */;
			buildPhases = (
				B6EA48671FA78B5F003645DD /* Sources */,
				B6EA48681FA78B5F003645DD /* Frameworks */,
				B6EA48691FA78B5F003645DD /* Resources */,
			);
			buildRules = (
			);
			dependencies = (
			);
			name = "Practice App";
			productName = "Practice App";
			productReference = B6EA486B1FA78B60003645DD /* Practice App.app */;
			productType = "com.apple.product-type.application";
		};
		B6EA487E1FA78B60003645DD /* Practice AppTests */ = {
			isa = PBXNativeTarget;
			buildConfigurationList = B6EA48961FA78B60003645DD /* Build configuration list for PBXNativeTarget "Practice AppTests" */;
			buildPhases = (
				B6EA487B1FA78B60003645DD /* Sources */,
				B6EA487C1FA78B60003645DD /* Frameworks */,
				B6EA487D1FA78B60003645DD /* Resources */,
			);
			buildRules = (
			);
			dependencies = (
				B6EA48811FA78B60003645DD /* PBXTargetDependency */,
			);
			name = "Practice AppTests";
			productName = "Practice AppTests";
			productReference = B6EA487F1FA78B60003645DD /* Practice AppTests.xctest */;
			productType = "com.apple.product-type.bundle.unit-test";
		};
		B6EA48891FA78B60003645DD /* Practice AppUITests */ = {
			isa = PBXNativeTarget;
			buildConfigurationList = B6EA48991FA78B60003645DD /* Build configuration list for PBXNativeTarget "Practice AppUITests" */;
			buildPhases = (
				B6EA48861FA78B60003645DD /* Sources */,
				B6EA48871FA78B60003645DD /* Frameworks */,
				B6EA48881FA78B60003645DD /* Resources */,
			);
			buildRules = (
			);
			dependencies = (
				B6EA488C1FA78B60003645DD /* PBXTargetDependency */,
			);
			name = "Practice AppUITests";
			productName = "Practice AppUITests";
			productReference = B6EA488A1FA78B60003645DD /* Practice AppUITests.xctest */;
			productType = "com.apple.product-type.bundle.ui-testing";
		};
/* End PBXNativeTarget section */

/* Begin PBXProject section */
		B6EA48631FA78B5F003645DD /* Project object */ = {
			isa = PBXProject;
			attributes = {
				LastSwiftUpdateCheck = 0900;
				LastUpgradeCheck = 0900;
				ORGANIZATIONNAME = "Nick Hool";
				TargetAttributes = {
					B6EA486A1FA78B5F003645DD = {
						CreatedOnToolsVersion = 9.0.1;
						ProvisioningStyle = Automatic;
					};
					B6EA487E1FA78B60003645DD = {
						CreatedOnToolsVersion = 9.0.1;
						ProvisioningStyle = Automatic;
						TestTargetID = B6EA486A1FA78B5F003645DD;
					};
					B6EA48891FA78B60003645DD = {
						CreatedOnToolsVersion = 9.0.1;
						ProvisioningStyle = Automatic;
						TestTargetID = B6EA486A1FA78B5F003645DD;
					};
				};
			};
			buildConfigurationList = B6EA48661FA78B5F003645DD /* Build configuration list for PBXProject "Practice App" */;
			compatibilityVersion = "Xcode 8.0";
			developmentRegion = en;
			hasScannedForEncodings = 0;
			knownRegions = (
				en,
				Base,
			);
			mainGroup = B6EA48621FA78B5F003645DD;
			productRefGroup = B6EA486C1FA78B60003645DD /* Products */;
			projectDirPath = "";
			projectRoot = "";
			targets = (
				B6EA486A1FA78B5F003645DD /* Practice App */,
				B6EA487E1FA78B60003645DD /* Practice AppTests */,
				B6EA48891FA78B60003645DD /* Practice AppUITests */,
			);
		};
/* End PBXProject section */

/* Begin PBXResourcesBuildPhase section */
		B6EA48691FA78B5F003645DD /* Resources */ = {
			isa = PBXResourcesBuildPhase;
			buildActionMask = 2147483647;
			files = (
				B6EA48791FA78B60003645DD /* LaunchScreen.storyboard in Resources */,
				B6EA48761FA78B60003645DD /* Assets.xcassets in Resources */,
				B6EA48741FA78B60003645DD /* Main.storyboard in Resources */,
			);
			runOnlyForDeploymentPostprocessing = 0;
		};
		B6EA487D1FA78B60003645DD /* Resources */ = {
			isa = PBXResourcesBuildPhase;
			buildActionMask = 2147483647;
			files = (
			);
			runOnlyForDeploymentPostprocessing = 0;
		};
		B6EA48881FA78B60003645DD /* Resources */ = {
			isa = PBXResourcesBuildPhase;
			buildActionMask = 2147483647;
			files = (
			);
			runOnlyForDeploymentPostprocessing = 0;
		};
/* End PBXResourcesBuildPhase section */

/* Begin PBXSourcesBuildPhase section */
		B6EA48671FA78B5F003645DD /* Sources */ = {
			isa = PBXSourcesBuildPhase;
			buildActionMask = 2147483647;
			files = (
				B6EA48711FA78B60003645DD /* ViewController.swift in Sources */,
				B6EA486F1FA78B60003645DD /* AppDelegate.swift in Sources */,
			);
			runOnlyForDeploymentPostprocessing = 0;
		};
		B6EA487B1FA78B60003645DD /* Sources */ = {
			isa = PBXSourcesBuildPhase;
			buildActionMask = 2147483647;
			files = (
				B6EA48841FA78B60003645DD /* Practice_AppTests.swift in Sources */,
			);
			runOnlyForDeploymentPostprocessing = 0;
		};
		B6EA48861FA78B60003645DD /* Sources */ = {
			isa = PBXSourcesBuildPhase;
			buildActionMask = 2147483647;
			files = (
				B6EA488F1FA78B60003645DD /* Practice_AppUITests.swift in Sources */,
			);
			runOnlyForDeploymentPostprocessing = 0;
		};
/* End PBXSourcesBuildPhase section */

/* Begin PBXTargetDependency section */
		B6EA48811FA78B60003645DD /* PBXTargetDependency */ = {
			isa = PBXTargetDependency;
			target = B6EA486A1FA78B5F003645DD /* Practice App */;
			targetProxy = B6EA48801FA78B60003645DD /* PBXContainerItemProxy */;
		};
		B6EA488C1FA78B60003645DD /* PBXTargetDependency */ = {
			isa = PBXTargetDependency;
			target = B6EA486A1FA78B5F003645DD /* Practice App */;
			targetProxy = B6EA488B1FA78B60003645DD /* PBXContainerItemProxy */;
		};
/* End PBXTargetDependency section */

/* Begin PBXVariantGroup section */
		B6EA48721FA78B60003645DD /* Main.storyboard */ = {
			isa = PBXVariantGroup;
			children = (
				B6EA48731FA78B60003645DD /* Base */,
			);
			name = Main.storyboard;
			sourceTree = "<group>";
		};
		B6EA48771FA78B60003645DD /* LaunchScreen.storyboard */ = {
			isa = PBXVariantGroup;
			children = (
				B6EA48781FA78B60003645DD /* Base */,
			);
			name = LaunchScreen.storyboard;
			sourceTree = "<group>";
		};
/* End PBXVariantGroup section */

/* Begin XCBuildConfiguration section */
		B6EA48911FA78B60003645DD /* Debug */ = {
			isa = XCBuildConfiguration;
			buildSettings = {
				ALWAYS_SEARCH_USER_PATHS = NO;
				CLANG_ANALYZER_NONNULL = YES;
				CLANG_ANALYZER_NUMBER_OBJECT_CONVERSION = YES_AGGRESSIVE;
				CLANG_CXX_LANGUAGE_STANDARD = "gnu++14";
				CLANG_CXX_LIBRARY = "libc++";
				CLANG_ENABLE_MODULES = YES;
				CLANG_ENABLE_OBJC_ARC = YES;
				CLANG_WARN_BLOCK_CAPTURE_AUTORELEASING = YES;
				CLANG_WARN_BOOL_CONVERSION = YES;
				CLANG_WARN_COMMA = YES;
				CLANG_WARN_CONSTANT_CONVERSION = YES;
				CLANG_WARN_DIRECT_OBJC_ISA_USAGE = YES_ERROR;
				CLANG_WARN_DOCUMENTATION_COMMENTS = YES;
				CLANG_WARN_EMPTY_BODY = YES;
				CLANG_WARN_ENUM_CONVERSION = YES;
				CLANG_WARN_INFINITE_RECURSION = YES;
				CLANG_WARN_INT_CONVERSION = YES;
				CLANG_WARN_NON_LITERAL_NULL_CONVERSION = YES;
				CLANG_WARN_OBJC_LITERAL_CONVERSION = YES;
				CLANG_WARN_OBJC_ROOT_CLASS = YES_ERROR;
				CLANG_WARN_RANGE_LOOP_ANALYSIS = YES;
				CLANG_WARN_STRICT_PROTOTYPES = YES;
				CLANG_WARN_SUSPICIOUS_MOVE = YES;
				CLANG_WARN_UNGUARDED_AVAILABILITY = YES_AGGRESSIVE;
				CLANG_WARN_UNREACHABLE_CODE = YES;
				CLANG_WARN__DUPLICATE_METHOD_MATCH = YES;
				CODE_SIGN_IDENTITY = "iPhone Developer";
				COPY_PHASE_STRIP = NO;
				DEBUG_INFORMATION_FORMAT = dwarf;
				ENABLE_STRICT_OBJC_MSGSEND = YES;
				ENABLE_TESTABILITY = YES;
				GCC_C_LANGUAGE_STANDARD = gnu11;
				GCC_DYNAMIC_NO_PIC = NO;
				GCC_NO_COMMON_BLOCKS = YES;
				GCC_OPTIMIZATION_LEVEL = 0;
				GCC_PREPROCESSOR_DEFINITIONS = (
					"DEBUG=1",
					"$(inherited)",
				);
				GCC_WARN_64_TO_32_BIT_CONVERSION = YES;
				GCC_WARN_ABOUT_RETURN_TYPE = YES_ERROR;
				GCC_WARN_UNDECLARED_SELECTOR = YES;
				GCC_WARN_UNINITIALIZED_AUTOS = YES_AGGRESSIVE;
				GCC_WARN_UNUSED_FUNCTION = YES;
				GCC_WARN_UNUSED_VARIABLE = YES;
				IPHONEOS_DEPLOYMENT_TARGET = 11.0;
				MTL_ENABLE_DEBUG_INFO = YES;
				ONLY_ACTIVE_ARCH = YES;
				SDKROOT = iphoneos;
				SWIFT_ACTIVE_COMPILATION_CONDITIONS = DEBUG;
				SWIFT_OPTIMIZATION_LEVEL = "-Onone";
			};
			name = Debug;
		};
		B6EA48921FA78B60003645DD /* Release */ = {
			isa = XCBuildConfiguration;
			buildSettings = {
				ALWAYS_SEARCH_USER_PATHS = NO;
				CLANG_ANALYZER_NONNULL = YES;
				CLANG_ANALYZER_NUMBER_OBJECT_CONVERSION = YES_AGGRESSIVE;
				CLANG_CXX_LANGUAGE_STANDARD = "gnu++14";
				CLANG_CXX_LIBRARY = "libc++";
				CLANG_ENABLE_MODULES = YES;
				CLANG_ENABLE_OBJC_ARC = YES;
				CLANG_WARN_BLOCK_CAPTURE_AUTORELEASING = YES;
				CLANG_WARN_BOOL_CONVERSION = YES;
				CLANG_WARN_COMMA = YES;
				CLANG_WARN_CONSTANT_CONVERSION = YES;
				CLANG_WARN_DIRECT_OBJC_ISA_USAGE = YES_ERROR;
				CLANG_WARN_DOCUMENTATION_COMMENTS = YES;
				CLANG_WARN_EMPTY_BODY = YES;
				CLANG_WARN_ENUM_CONVERSION = YES;
				CLANG_WARN_INFINITE_RECURSION = YES;
				CLANG_WARN_INT_CONVERSION = YES;
				CLANG_WARN_NON_LITERAL_NULL_CONVERSION = YES;
				CLANG_WARN_OBJC_LITERAL_CONVERSION = YES;
				CLANG_WARN_OBJC_ROOT_CLASS = YES_ERROR;
				CLANG_WARN_RANGE_LOOP_ANALYSIS = YES;
				CLANG_WARN_STRICT_PROTOTYPES = YES;
				CLANG_WARN_SUSPICIOUS_MOVE = YES;
				CLANG_WARN_UNGUARDED_AVAILABILITY = YES_AGGRESSIVE;
				CLANG_WARN_UNREACHABLE_CODE = YES;
				CLANG_WARN__DUPLICATE_METHOD_MATCH = YES;
				CODE_SIGN_IDENTITY = "iPhone Developer";
				COPY_PHASE_STRIP = NO;
				DEBUG_INFORMATION_FORMAT = "dwarf-with-dsym";
				ENABLE_NS_ASSERTIONS = NO;
				ENABLE_STRICT_OBJC_MSGSEND = YES;
				GCC_C_LANGUAGE_STANDARD = gnu11;
				GCC_NO_COMMON_BLOCKS = YES;
				GCC_WARN_64_TO_32_BIT_CONVERSION = YES;
				GCC_WARN_ABOUT_RETURN_TYPE = YES_ERROR;
				GCC_WARN_UNDECLARED_SELECTOR = YES;
				GCC_WARN_UNINITIALIZED_AUTOS = YES_AGGRESSIVE;
				GCC_WARN_UNUSED_FUNCTION = YES;
				GCC_WARN_UNUSED_VARIABLE = YES;
				IPHONEOS_DEPLOYMENT_TARGET = 11.0;
				MTL_ENABLE_DEBUG_INFO = NO;
				SDKROOT = iphoneos;
				SWIFT_OPTIMIZATION_LEVEL = "-Owholemodule";
				VALIDATE_PRODUCT = YES;
			};
			name = Release;
		};
		B6EA48941FA78B60003645DD /* Debug */ = {
			isa = XCBuildConfiguration;
			buildSettings = {
				ASSETCATALOG_COMPILER_APPICON_NAME = AppIcon;
				CODE_SIGN_STYLE = Automatic;
				INFOPLIST_FILE = "Practice App/Info.plist";
				LD_RUNPATH_SEARCH_PATHS = "$(inherited) @executable_path/Frameworks";
				PRODUCT_BUNDLE_IDENTIFIER = "NickWork.Practice-App";
				PRODUCT_NAME = "$(TARGET_NAME)";
				SWIFT_VERSION = 4.0;
				TARGETED_DEVICE_FAMILY = "1,2";
			};
			name = Debug;
		};
		B6EA48951FA78B60003645DD /* Release */ = {
			isa = XCBuildConfiguration;
			buildSettings = {
				ASSETCATALOG_COMPILER_APPICON_NAME = AppIcon;
				CODE_SIGN_STYLE = Automatic;
				INFOPLIST_FILE = "Practice App/Info.plist";
				LD_RUNPATH_SEARCH_PATHS = "$(inherited) @executable_path/Frameworks";
				PRODUCT_BUNDLE_IDENTIFIER = "NickWork.Practice-App";
				PRODUCT_NAME = "$(TARGET_NAME)";
				SWIFT_VERSION = 4.0;
				TARGETED_DEVICE_FAMILY = "1,2";
			};
			name = Release;
		};
		B6EA48971FA78B60003645DD /* Debug */ = {
			isa = XCBuildConfiguration;
			buildSettings = {
				ALWAYS_EMBED_SWIFT_STANDARD_LIBRARIES = YES;
				BUNDLE_LOADER = "$(TEST_HOST)";
				CODE_SIGN_STYLE = Automatic;
				INFOPLIST_FILE = "Practice AppTests/Info.plist";
				LD_RUNPATH_SEARCH_PATHS = "$(inherited) @executable_path/Frameworks @loader_path/Frameworks";
				PRODUCT_BUNDLE_IDENTIFIER = "NickWork.Practice-AppTests";
				PRODUCT_NAME = "$(TARGET_NAME)";
				SWIFT_VERSION = 4.0;
				TARGETED_DEVICE_FAMILY = "1,2";
				TEST_HOST = "$(BUILT_PRODUCTS_DIR)/Practice App.app/Practice App";
			};
			name = Debug;
		};
		B6EA48981FA78B60003645DD /* Release */ = {
			isa = XCBuildConfiguration;
			buildSettings = {
				ALWAYS_EMBED_SWIFT_STANDARD_LIBRARIES = YES;
				BUNDLE_LOADER = "$(TEST_HOST)";
				CODE_SIGN_STYLE = Automatic;
				INFOPLIST_FILE = "Practice AppTests/Info.plist";
				LD_RUNPATH_SEARCH_PATHS = "$(inherited) @executable_path/Frameworks @loader_path/Frameworks";
				PRODUCT_BUNDLE_IDENTIFIER = "NickWork.Practice-AppTests";
				PRODUCT_NAME = "$(TARGET_NAME)";
				SWIFT_VERSION = 4.0;
				TARGETED_DEVICE_FAMILY = "1,2";
				TEST_HOST = "$(BUILT_PRODUCTS_DIR)/Practice App.app/Practice App";
			};
			name = Release;
		};
		B6EA489A1FA78B60003645DD /* Debug */ = {
			isa = XCBuildConfiguration;
			buildSettings = {
				ALWAYS_EMBED_SWIFT_STANDARD_LIBRARIES = YES;
				CODE_SIGN_STYLE = Automatic;
				INFOPLIST_FILE = "Practice AppUITests/Info.plist";
				LD_RUNPATH_SEARCH_PATHS = "$(inherited) @executable_path/Frameworks @loader_path/Frameworks";
				PRODUCT_BUNDLE_IDENTIFIER = "NickWork.Practice-AppUITests";
				PRODUCT_NAME = "$(TARGET_NAME)";
				SWIFT_VERSION = 4.0;
				TARGETED_DEVICE_FAMILY = "1,2";
				TEST_TARGET_NAME = "Practice App";
			};
			name = Debug;
		};
		B6EA489B1FA78B60003645DD /* Release */ = {
			isa = XCBuildConfiguration;
			buildSettings = {
				ALWAYS_EMBED_SWIFT_STANDARD_LIBRARIES = YES;
				CODE_SIGN_STYLE = Automatic;
				INFOPLIST_FILE = "Practice AppUITests/Info.plist";
				LD_RUNPATH_SEARCH_PATHS = "$(inherited) @executable_path/Frameworks @loader_path/Frameworks";
				PRODUCT_BUNDLE_IDENTIFIER = "NickWork.Practice-AppUITests";
				PRODUCT_NAME = "$(TARGET_NAME)";
				SWIFT_VERSION = 4.0;
				TARGETED_DEVICE_FAMILY = "1,2";
				TEST_TARGET_NAME = "Practice App";
			};
			name = Release;
		};
/* End XCBuildConfiguration section */

/* Begin XCConfigurationList section */
		B6EA48661FA78B5F003645DD /* Build configuration list for PBXProject "Practice App" */ = {
			isa = XCConfigurationList;
			buildConfigurations = (
				B6EA48911FA78B60003645DD /* Debug */,
				B6EA48921FA78B60003645DD /* Release */,
			);
			defaultConfigurationIsVisible = 0;
			defaultConfigurationName = Release;
		};
		B6EA48931FA78B60003645DD /* Build configuration list for PBXNativeTarget "Practice App" */ = {
			isa = XCConfigurationList;
			buildConfigurations = (
				B6EA48941FA78B60003645DD /* Debug */,
				B6EA48951FA78B60003645DD /* Release */,
			);
			defaultConfigurationIsVisible = 0;
			defaultConfigurationName = Release;
		};
		B6EA48961FA78B60003645DD /* Build configuration list for PBXNativeTarget "Practice AppTests" */ = {
			isa = XCConfigurationList;
			buildConfigurations = (
				B6EA48971FA78B60003645DD /* Debug */,
				B6EA48981FA78B60003645DD /* Release */,
			);
			defaultConfigurationIsVisible = 0;
			defaultConfigurationName = Release;
		};
		B6EA48991FA78B60003645DD /* Build configuration list for PBXNativeTarget "Practice AppUITests" */ = {
			isa = XCConfigurationList;
			buildConfigurations = (
				B6EA489A1FA78B60003645DD /* Debug */,
				B6EA489B1FA78B60003645DD /* Release */,
			);
			defaultConfigurationIsVisible = 0;
			defaultConfigurationName = Release;
		};
/* End XCConfigurationList section */
	};
	rootObject = B6EA48631FA78B5F003645DD /* Project object */;
}
